
Microsoft Visual Studio Solution File, Format Version 10.00
# Visual Studio 2008
Project("{8BC9CEB8-8B4A-11D0-8D11-00A0C91BC942}") = "zlib", "zlib.vcproj", "{D2A464CD-AF25-4EC5-AA38-384766A7D817}"
EndProject
Global
	GlobalSection(SolutionConfigurationPlatforms) = preSolution
		DLL ASM Debug|Win32 = DLL ASM Debug|Win32
		DLL ASM Release|Win32 = DLL ASM Release|Win32
		DLL Debug|Win32 = DLL Debug|Win32
		DLL Release|Win32 = DLL Release|Win32
		LIB ASM Debug|Win32 = LIB ASM Debug|Win32
		LIB ASM Release|Win32 = LIB ASM Release|Win32
		LIB Debug|Win32 = LIB Debug|Win32
		LIB Release|Win32 = LIB Release|Win32
	EndGlobalSection
	GlobalSection(ProjectConfigurationPlatforms) = postSolution
		{D2A464CD-AF25-4EC5-AA38-384766A7D817}.DLL ASM Debug|Win32.ActiveCfg = DLL ASM Debug|Win32
		{D2A464CD-AF25-4EC5-AA38-384766A7D817}.DLL ASM Debug|Win32.Build.0 = DLL ASM Debug|Win32
		{D2A464CD-AF25-4EC5-AA38-384766A7D817}.DLL ASM Release|Win32.ActiveCfg = DLL ASM Release|Win32
		{D2A464CD-AF25-4EC5-AA38-384766A7D817}.DLL ASM Release|Win32.Build.0 = DLL ASM Release|Win32
		{D2A464CD-AF25-4EC5-AA38-384766A7D817}.DLL Debug|Win32.ActiveCfg = DLL Debug|Win32
		{D2A464CD-AF25-4EC5-AA38-384766A7D817}.DLL Debug|Win32.Build.0 = DLL Debug|Win32
		{D2A464CD-AF25-4EC5-AA38-384766A7D817}.DLL Release|Win32.ActiveCfg = DLL Release|Win32
		{D2A464CD-AF25-4EC5-AA38-384766A7D817}.DLL Release|Win32.Build.0 = DLL Release|Win32
		{D2A464CD-AF25-4EC5-AA38-384766A7D817}.LIB ASM Debug|Win32.ActiveCfg = LIB ASM Debug|Win32
		{D2A464CD-AF25-4EC5-AA38-384766A7D817}.LIB ASM Debug|Win32.Build.0 = LIB ASM Debug|Win32
		{D2A464CD-AF25-4EC5-AA38-384766A7D817}.LIB ASM Release|Win32.ActiveCfg = LIB ASM Release|Win32
		{D2A464CD-AF25-4EC5-AA38-384766A7D817}.LIB ASM Release|Win32.Build.0 = LIB ASM Release|Win32
		{D2A464CD-AF25-4EC5-AA38-384766A7D817}.LIB Debug|Win32.ActiveCfg = LIB Debug|Win32
		{D2A464CD-AF25-4EC5-AA38-384766A7D817}.LIB Debug|Win32.Build.0 = LIB Debug|Win32
		{D2A464CD-AF25-4EC5-AA38-384766A7D817}.LIB Release|Win32.ActiveCfg = LIB Release|Win32
		{D2A464CD-AF25-4EC5-AA38-384766A7D817}.LIB Release|Win32.Build.0 = LIB Release|Win32
	EndGlobalSection
	GlobalSection(SolutionProperties) = preSolution
		HideSolutionNode = FALSE
	EndGlobalSection
EndGlobal
